
Microsoft Visual Studio Solution File, Format Version 12.00
# Visual Studio Version 16
VisualStudioVersion = 16.0.31229.75
MinimumVisualStudioVersion = 10.0.40219.1
Project("{E24C65DC-7377-472B-9ABA-BC803B73C61A}") = "EasyPagamenti", ".", "{DDE053E0-4762-4E94-8C1A-A8D056084594}"
	ProjectSection(WebsiteProperties) = preProject
		TargetFrameworkMoniker = ".NETFramework,Version%3Dv4.6.1"
		ProjectReferences = "{1d15f7ac-2f4e-46e4-9cc0-1290db45f9de}|HelpWeb.dll;{8fe12050-c375-437b-99ab-6e168b4d50bd}|EasyPagamentiDataSet.dll;"
		Debug.AspNetCompiler.VirtualPath = "/localhost_52850"
		Debug.AspNetCompiler.PhysicalPath = "..\EasyPagamenti\"
		Debug.AspNetCompiler.TargetPath = "PrecompiledWeb\localhost_52850\"
		Debug.AspNetCompiler.Updateable = "true"
		Debug.AspNetCompiler.ForceOverwrite = "true"
		Debug.AspNetCompiler.FixedNames = "false"
		Debug.AspNetCompiler.Debug = "True"
		Release.AspNetCompiler.VirtualPath = "/localhost_52850"
		Release.AspNetCompiler.PhysicalPath = "..\EasyPagamenti\"
		Release.AspNetCompiler.TargetPath = "PrecompiledWeb\localhost_52850\"
		Release.AspNetCompiler.Updateable = "true"
		Release.AspNetCompiler.ForceOverwrite = "true"
		Release.AspNetCompiler.FixedNames = "false"
		Release.AspNetCompiler.Debug = "False"
		VWDPort = "52850"
		SlnRelativePath = "..\EasyPagamenti\"
		DefaultWebSiteLanguage = "Visual C#"
	EndProjectSection
EndProject
Project("{FAE04EC0-301F-11D3-BF4B-00C04F79EFBC}") = "HelpWeb", "D:\Progetti\HelpWeb\HelpWeb.csproj", "{1D15F7AC-2F4E-46E4-9CC0-1290DB45F9DE}"
EndProject
Project("{FAE04EC0-301F-11D3-BF4B-00C04F79EFBC}") = "EasyPagamentiDataSet", "EasyPagamentiDataSet\EasyPagamentiDataSet.csproj", "{8FE12050-C375-437B-99AB-6E168B4D50BD}"
EndProject
Global
	GlobalSection(SolutionConfigurationPlatforms) = preSolution
		Debug|Any CPU = Debug|Any CPU
		Debug|x86 = Debug|x86
		Release|Any CPU = Release|Any CPU
		Release|x86 = Release|x86
	EndGlobalSection
	GlobalSection(ProjectConfigurationPlatforms) = postSolution
		{DDE053E0-4762-4E94-8C1A-A8D056084594}.Debug|Any CPU.ActiveCfg = Debug|Any CPU
		{DDE053E0-4762-4E94-8C1A-A8D056084594}.Debug|Any CPU.Build.0 = Debug|Any CPU
		{DDE053E0-4762-4E94-8C1A-A8D056084594}.Debug|x86.ActiveCfg = Debug|Any CPU
		{DDE053E0-4762-4E94-8C1A-A8D056084594}.Debug|x86.Build.0 = Debug|Any CPU
		{DDE053E0-4762-4E94-8C1A-A8D056084594}.Release|Any CPU.ActiveCfg = Debug|Any CPU
		{DDE053E0-4762-4E94-8C1A-A8D056084594}.Release|Any CPU.Build.0 = Debug|Any CPU
		{DDE053E0-4762-4E94-8C1A-A8D056084594}.Release|x86.ActiveCfg = Debug|Any CPU
		{DDE053E0-4762-4E94-8C1A-A8D056084594}.Release|x86.Build.0 = Debug|Any CPU
		{1D15F7AC-2F4E-46E4-9CC0-1290DB45F9DE}.Debug|Any CPU.ActiveCfg = Debug|Any CPU
		{1D15F7AC-2F4E-46E4-9CC0-1290DB45F9DE}.Debug|Any CPU.Build.0 = Debug|Any CPU
		{1D15F7AC-2F4E-46E4-9CC0-1290DB45F9DE}.Debug|x86.ActiveCfg = Debug|x86
		{1D15F7AC-2F4E-46E4-9CC0-1290DB45F9DE}.Debug|x86.Build.0 = Debug|x86
		{1D15F7AC-2F4E-46E4-9CC0-1290DB45F9DE}.Release|Any CPU.ActiveCfg = Release|Any CPU
		{1D15F7AC-2F4E-46E4-9CC0-1290DB45F9DE}.Release|Any CPU.Build.0 = Release|Any CPU
		{1D15F7AC-2F4E-46E4-9CC0-1290DB45F9DE}.Release|x86.ActiveCfg = Release|x86
		{1D15F7AC-2F4E-46E4-9CC0-1290DB45F9DE}.Release|x86.Build.0 = Release|x86
		{8FE12050-C375-437B-99AB-6E168B4D50BD}.Debug|Any CPU.ActiveCfg = Debug|Any CPU
		{8FE12050-C375-437B-99AB-6E168B4D50BD}.Debug|Any CPU.Build.0 = Debug|Any CPU
		{8FE12050-C375-437B-99AB-6E168B4D50BD}.Debug|x86.ActiveCfg = Debug|Any CPU
		{8FE12050-C375-437B-99AB-6E168B4D50BD}.Debug|x86.Build.0 = Debug|Any CPU
		{8FE12050-C375-437B-99AB-6E168B4D50BD}.Release|Any CPU.ActiveCfg = Release|Any CPU
		{8FE12050-C375-437B-99AB-6E168B4D50BD}.Release|Any CPU.Build.0 = Release|Any CPU
		{8FE12050-C375-437B-99AB-6E168B4D50BD}.Release|x86.ActiveCfg = Release|Any CPU
		{8FE12050-C375-437B-99AB-6E168B4D50BD}.Release|x86.Build.0 = Release|Any CPU
	EndGlobalSection
	GlobalSection(SolutionProperties) = preSolution
		HideSolutionNode = FALSE
	EndGlobalSection
	GlobalSection(ExtensibilityGlobals) = postSolution
		SolutionGuid = {9FFFE567-854A-46F8-9B2D-BE32B99C7C3A}
	EndGlobalSection
EndGlobal
