Microsoft Visual Studio Solution File, Format Version 12.00
# Visual Studio 14
VisualStudioVersion = 14.0.25420.1
MinimumVisualStudioVersion = 10.0.40219.1
Project("{FAE04EC0-301F-11D3-BF4B-00C04F79EFBC}") = "mainform", "mainform\mainform.csproj", "{E04C2CEF-078B-4B25-904C-6374C88E0EE7}"
EndProject
Project("{FAE04EC0-301F-11D3-BF4B-00C04F79EFBC}") = "ConfigLiveUpdate", "unmanaged\ConfigLiveUpdate\ConfigLiveUpdate.csproj", "{26A175CF-9561-4D49-B959-3529CC6D08A5}"
EndProject
Project("{FAE04EC0-301F-11D3-BF4B-00C04F79EFBC}") = "LiveUpdate", "unmanaged\LiveUpdate\LiveUpdate.csproj", "{3401638F-C463-4187-A1F6-2081DA19D58D}"
EndProject
Project("{FAE04EC0-301F-11D3-BF4B-00C04F79EFBC}") = "funzioni_configurazione", "unmanaged\funzioni_configurazione\funzioni_configurazione.csproj", "{C0DACF4D-2F3E-44D6-A718-7C9821A1BDCD}"
EndProject
Project("{FAE04EC0-301F-11D3-BF4B-00C04F79EFBC}") = "treasurer_default", "treasurer\treasurer_default\treasurer_default.csproj", "{0A5AE6F6-3EE5-4136-AE4F-56A5DC2B76D5}"
EndProject
Project("{FAE04EC0-301F-11D3-BF4B-00C04F79EFBC}") = "meta_treasurer", "treasurer\meta_treasurer\meta_treasurer.csproj", "{0D5B8503-0A34-4002-B8F0-70E30127AEEF}"
EndProject
Project("{FAE04EC0-301F-11D3-BF4B-00C04F79EFBC}") = "meta_treasurerview", "treasurer\meta_treasurerview\meta_treasurerview.csproj", "{F16CA47A-5800-4E96-A086-62C1B5416E75}"
EndProject
Project("{FAE04EC0-301F-11D3-BF4B-00C04F79EFBC}") = "treasurer_situazione", "treasurer\treasurer_situazione\treasurer_situazione.csproj", "{98D03AE0-439E-4724-BC09-A999ADB3CB6C}"
EndProject
Project("{FAE04EC0-301F-11D3-BF4B-00C04F79EFBC}") = "SituazioneViewer", "unmanaged\SituazioneViewer\SituazioneViewer.csproj", "{42D2BFEA-1727-4039-A978-5D366E5479D3}"
EndProject
Project("{FAE04EC0-301F-11D3-BF4B-00C04F79EFBC}") = "meta_pettycash", "pettycash\meta_pettycash\meta_pettycash.csproj", "{F4FF7FCC-D02C-455A-B57F-33789D9588BD}"
EndProject
Project("{FAE04EC0-301F-11D3-BF4B-00C04F79EFBC}") = "pettycash_default", "pettycash\pettycash_default\pettycash_default.csproj", "{7FF2692C-3359-4375-A9A2-2B090A73F3D1}"
EndProject
Project("{FAE04EC0-301F-11D3-BF4B-00C04F79EFBC}") = "pettycash_situazione", "pettycash\pettycash_situazione\pettycash_situazione.csproj", "{C1CC2A4E-E071-48B3-AF64-2179679FE5D6}"
EndProject
Project("{FAE04EC0-301F-11D3-BF4B-00C04F79EFBC}") = "audit_regola", "audit\audit_regola\audit_regola.csproj", "{93E02850-D806-45E8-ABE6-72B018293AA3}"
EndProject
Project("{FAE04EC0-301F-11D3-BF4B-00C04F79EFBC}") = "auditcheck_child", "auditcheck\auditcheck_child\auditcheck_child.csproj", "{11E18FFE-7DBD-48F4-8D41-12F15DFE090E}"
EndProject
Project("{FAE04EC0-301F-11D3-BF4B-00C04F79EFBC}") = "meta_audit", "audit\meta_audit\meta_audit.csproj", "{92EDC2FF-4C87-4F7B-95B0-DFF0AF2D66FA}"
EndProject
Project("{FAE04EC0-301F-11D3-BF4B-00C04F79EFBC}") = "meta_auditcheck", "auditcheck\meta_auditcheck\meta_auditcheck.csproj", "{99471042-F18E-45F3-B766-77D5D5989093}"
EndProject
Project("{FAE04EC0-301F-11D3-BF4B-00C04F79EFBC}") = "SqlEditor", "unmanaged\SqlEditor\SqlEditor.csproj", "{E1935425-365A-4549-8289-69274ABC872B}"
EndProject
Project("{FAE04EC0-301F-11D3-BF4B-00C04F79EFBC}") = "meta_report", "report\meta_report\meta_report.csproj", "{8F07517F-E04A-48A0-B55B-44EB7EE45A3A}"
EndProject
Project("{FAE04EC0-301F-11D3-BF4B-00C04F79EFBC}") = "report_default", "report\report_default\report_default.csproj", "{59D2BECF-9E9F-4CFC-9429-D1FCE8367909}"
EndProject
Project("{FAE04EC0-301F-11D3-BF4B-00C04F79EFBC}") = "utility", "unmanaged\utility\utility.csproj", "{0E8D2FD1-710C-4B75-9779-EC6CFD2ECC62}"
EndProject
Project("{FAE04EC0-301F-11D3-BF4B-00C04F79EFBC}") = "reportadditionalparam_default", "reportadditionalparam\reportadditionalparam_default\reportadditionalparam_default.csproj", "{EADE2982-6430-4E5A-BDB7-591F6753A6B7}"
EndProject
Project("{FAE04EC0-301F-11D3-BF4B-00C04F79EFBC}") = "meta_reportadditionalparam", "reportadditionalparam\meta_reportadditionalparam\meta_reportadditionalparam.csproj", "{9D28A935-D776-449B-92BE-C363464B8282}"
EndProject
Project("{FAE04EC0-301F-11D3-BF4B-00C04F79EFBC}") = "exportfunction_default", "exportfunction\exportfunction_default\exportfunction_default.csproj", "{87D5ECB8-8B1E-4D5E-8D6B-8DD8905FB2CC}"
EndProject
Project("{FAE04EC0-301F-11D3-BF4B-00C04F79EFBC}") = "meta_exportfunction", "exportfunction\meta_exportfunction\meta_exportfunction.csproj", "{5A62D196-0224-4F8C-AD92-7A8C2C5F04EB}"
EndProject
Project("{FAE04EC0-301F-11D3-BF4B-00C04F79EFBC}") = "exportfunctionparam_single", "exportfunctionparam\exportfunctionparam_single\exportfunctionparam_single.csproj", "{72F069D2-7AA9-4288-9CCC-CAEDCDA614BD}"
EndProject
Project("{FAE04EC0-301F-11D3-BF4B-00C04F79EFBC}") = "meta_exportfunctionparam", "exportfunctionparam\meta_exportfunctionparam\meta_exportfunctionparam.csproj", "{462BC69B-6AF9-46C6-A710-3BBFCF534CB3}"
EndProject
Project("{FAE04EC0-301F-11D3-BF4B-00C04F79EFBC}") = "meta_abatementcode", "abatementcode\meta_abatementcode\meta_abatementcode.csproj", "{40B1712C-7975-4DAA-B348-311120F981AC}"
EndProject
Project("{FAE04EC0-301F-11D3-BF4B-00C04F79EFBC}") = "meta_deductioncode", "deductioncode\meta_deductioncode\meta_deductioncode.csproj", "{22E483E4-2BD6-4783-A904-DBE1916E83B4}"
EndProject
Project("{FAE04EC0-301F-11D3-BF4B-00C04F79EFBC}") = "meta_taxsetup", "taxsetup\meta_taxsetup\meta_taxsetup.csproj", "{135D474B-91DD-4F9C-86FF-BFE64455F4C4}"
EndProject
Project("{FAE04EC0-301F-11D3-BF4B-00C04F79EFBC}") = "meta_taxsetupview", "taxsetup\meta_taxsetupview\meta_taxsetupview.csproj", "{39783FC4-2676-485F-AA55-7403303809E5}"
EndProject
Project("{FAE04EC0-301F-11D3-BF4B-00C04F79EFBC}") = "taxsetup_default", "taxsetup\taxsetup_default\taxsetup_default.csproj", "{FD3D0A4B-C80E-47A5-A21D-B982201BE627}"
EndProject
Project("{FAE04EC0-301F-11D3-BF4B-00C04F79EFBC}") = "bankdispositionsetup_trasmissione", "bankdispositionsetup\bankdispositionsetup_trasmissione\bankdispositionsetup_trasmissione.csproj", "{80C372EE-5AB5-4452-9604-A2AA141FF23F}"
EndProject
Project("{FAE04EC0-301F-11D3-BF4B-00C04F79EFBC}") = "expirationkind_lista", "expirationkind\expirationkind_lista\expirationkind_lista.csproj", "{D2F03027-661F-4878-9858-985C677CE65F}"
EndProject
Project("{FAE04EC0-301F-11D3-BF4B-00C04F79EFBC}") = "meta_expirationkind", "expirationkind\meta_expirationkind\meta_expirationkind.csproj", "{E1ECA135-D276-435E-8E96-CE0E639B6E27}"
EndProject
Project("{FAE04EC0-301F-11D3-BF4B-00C04F79EFBC}") = "incomephase_default", "incomephase\incomephase_default\incomephase_default.csproj", "{80B1AF0B-71F1-43EB-82EE-DDEC8C3E91E9}"
EndProject
Project("{FAE04EC0-301F-11D3-BF4B-00C04F79EFBC}") = "meta_incomephase", "incomephase\meta_incomephase\meta_incomephase.csproj", "{78D51708-4DC5-4927-9EAF-622BE1B02205}"
EndProject
Project("{FAE04EC0-301F-11D3-BF4B-00C04F79EFBC}") = "expensephase_default", "expensephase\expensephase_default\expensephase_default.csproj", "{38FBC11F-C9FD-4C64-811D-7201C77C55DF}"
EndProject
Project("{FAE04EC0-301F-11D3-BF4B-00C04F79EFBC}") = "meta_expensephase", "expensephase\meta_expensephase\meta_expensephase.csproj", "{E1CE394B-817A-488C-AAA2-05AA1DEECC0B}"
EndProject
Project("{FAE04EC0-301F-11D3-BF4B-00C04F79EFBC}") = "meta_clawback", "clawback\meta_clawback\meta_clawback.csproj", "{310CD4A6-A01E-496D-87F4-8818B7B9C077}"
EndProject
Project("{FAE04EC0-301F-11D3-BF4B-00C04F79EFBC}") = "clawback_default", "clawback\clawback_default\clawback_default.csproj", "{997C1750-EA08-40F3-91CD-BB60F1E468BC}"
EndProject
Project("{FAE04EC0-301F-11D3-BF4B-00C04F79EFBC}") = "registrykind_lista", "registrykind\registrykind_lista\registrykind_lista.csproj", "{F43DB06A-E07F-4C0D-8E46-A10FD071AE49}"
EndProject
Project("{FAE04EC0-301F-11D3-BF4B-00C04F79EFBC}") = "meta_registrykind", "registrykind\meta_registrykind\meta_registrykind.csproj", "{590EC304-467A-4BAB-8ACE-68E4C4D127E5}"
EndProject
Project("{FAE04EC0-301F-11D3-BF4B-00C04F79EFBC}") = "stamphandling_lista", "stamphandling\stamphandling_lista\stamphandling_lista.csproj", "{2EC6944F-CB6B-40E9-B1F0-E9F438ADCF53}"
EndProject
Project("{FAE04EC0-301F-11D3-BF4B-00C04F79EFBC}") = "meta_stamphandling", "stamphandling\meta_stamphandling\meta_stamphandling.csproj", "{62BAFFDA-1A74-43D0-947E-4F72454E4026}"
EndProject
Project("{FAE04EC0-301F-11D3-BF4B-00C04F79EFBC}") = "pettycashsetup_default", "pettycashsetup\pettycashsetup_default\pettycashsetup_default.csproj", "{A8771882-7D65-469B-9A30-966D1E514171}"
EndProject
Project("{FAE04EC0-301F-11D3-BF4B-00C04F79EFBC}") = "meta_pettycashsetup", "pettycashsetup\meta_pettycashsetup\meta_pettycashsetup.csproj", "{41A7677C-E2C8-4459-A370-1A4E8B3CE379}"
EndProject
Project("{FAE04EC0-301F-11D3-BF4B-00C04F79EFBC}") = "meta_trasmissionmanager", "trasmissionmanager\meta_trasmissionmanager\meta_trasmissionmanager.csproj", "{18C09DF5-D223-4D33-83B0-BC2EF9EEF064}"
EndProject
Project("{FAE04EC0-301F-11D3-BF4B-00C04F79EFBC}") = "trasmissionmanager_default", "trasmissionmanager\trasmissionmanager_default\trasmissionmanager_default.csproj", "{06CB9BE8-9F4A-4B7A-9078-3D49E2EC846B}"
EndProject
Project("{FAE04EC0-301F-11D3-BF4B-00C04F79EFBC}") = "meta_trasmissionmanagerview", "trasmissionmanager\meta_trasmissionmanagerview\meta_trasmissionmanagerview.csproj", "{BD5213A9-D48B-4C74-90A1-B69238636A17}"
EndProject
Project("{FAE04EC0-301F-11D3-BF4B-00C04F79EFBC}") = "trasmissiondocument_default", "trasmissiondocument\trasmissiondocument_default\trasmissiondocument_default.csproj", "{A514751B-A2BE-4DAB-9C61-313BD00FD8C1}"
EndProject
Project("{FAE04EC0-301F-11D3-BF4B-00C04F79EFBC}") = "meta_trasmissiondocument", "trasmissiondocument\meta_trasmissiondocument\meta_trasmissiondocument.csproj", "{73055227-D0E0-4741-8F7C-D22311844F6E}"
EndProject
Project("{FAE04EC0-301F-11D3-BF4B-00C04F79EFBC}") = "meta_finlevel", "finlevel\meta_finlevel\meta_finlevel.csproj", "{5254CD82-CDE8-431A-9E51-33427E5F7720}"
EndProject
Project("{FAE04EC0-301F-11D3-BF4B-00C04F79EFBC}") = "finlevel_default", "finlevel\finlevel_default\finlevel_default.csproj", "{853AD738-D5C1-440F-95F8-1126E9770700}"
EndProject
Project("{FAE04EC0-301F-11D3-BF4B-00C04F79EFBC}") = "clawbacksetup_default", "clawbacksetup\clawbacksetup_default\clawbacksetup_default.csproj", "{8FFC6B4A-DC18-4E47-8D15-D9813DB8C783}"
EndProject
Project("{FAE04EC0-301F-11D3-BF4B-00C04F79EFBC}") = "meta_config", "config\meta_config\meta_config.csproj", "{548B48F0-3FFC-43FC-AA33-85805F2A6264}"
EndProject
Project("{FAE04EC0-301F-11D3-BF4B-00C04F79EFBC}") = "config_default", "config\config_default\config_default.csproj", "{D7117BAD-9239-47BA-9C7D-7C00D8DD13DB}"
EndProject
Project("{FAE04EC0-301F-11D3-BF4B-00C04F79EFBC}") = "filetype_default", "filetype\filetype_default\filetype_default.csproj", "{68E8A3D1-A566-4984-A6CD-5CDDDD7C4299}"
EndProject
Project("{FAE04EC0-301F-11D3-BF4B-00C04F79EFBC}") = "meta_uniconfig", "uniconfig\meta_uniconfig\meta_uniconfig.csproj", "{FAB30459-4DE9-4133-A302-D7B920E3A1D5}"
EndProject
Project("{FAE04EC0-301F-11D3-BF4B-00C04F79EFBC}") = "uniconfig_default", "uniconfig\uniconfig_default\uniconfig_default.csproj", "{3A2289FC-825E-4961-8097-56486590391E}"
EndProject
Project("{FAE04EC0-301F-11D3-BF4B-00C04F79EFBC}") = "security_function", "unmanaged\security_function\security_function.csproj", "{520A7C2E-BCB1-43BE-B3B9-BFE4403E6600}"
EndProject
Project("{FAE04EC0-301F-11D3-BF4B-00C04F79EFBC}") = "consipkind_default", "consipkind\consipkind_default\consipkind_default.csproj", "{669E0FAF-9BC7-4D94-BF27-82D4446BD798}"
EndProject
Project("{FAE04EC0-301F-11D3-BF4B-00C04F79EFBC}") = "meta_consipkind", "consipkind\meta_consipkind\meta_consipkind.csproj", "{BC6BDF89-1C70-4796-9E17-8C57CB364F6E}"
EndProject
Project("{FAE04EC0-301F-11D3-BF4B-00C04F79EFBC}") = "meta_consipkind_ext", "consipkind_ext\meta_consipkind_ext\meta_consipkind_ext.csproj", "{28F59F6C-2CE5-4734-B257-FB5A95CF655D}"
EndProject
Project("{FAE04EC0-301F-11D3-BF4B-00C04F79EFBC}") = "consipkind_ext_default", "consipkind_ext\consipkind_ext_default\consipkind_ext_default.csproj", "{CA9DDEAE-F1ED-4343-B92B-3F7EE5578DDA}"
EndProject
Project("{FAE04EC0-301F-11D3-BF4B-00C04F79EFBC}") = "meta_consipcategory", "consipcategory\meta_consipcategory\meta_consipcategory.csproj", "{C146AF35-AE9E-41EF-9FFC-A6258A73F18A}"
EndProject
Project("{FAE04EC0-301F-11D3-BF4B-00C04F79EFBC}") = "consipcategory_default", "consipcategory\consipcategory_default\consipcategory_default.csproj", "{041DBFE2-ED52-4BF0-8D6A-11568269A2F8}"
EndProject
Project("{FAE04EC0-301F-11D3-BF4B-00C04F79EFBC}") = "ct_config_default", "ct_config\ct_config_default\ct_config_default.csproj", "{94244530-D34B-4ECF-B369-F93409C99E9A}"
EndProject
Project("{FAE04EC0-301F-11D3-BF4B-00C04F79EFBC}") = "meta_ct_config", "ct_config\meta_ct_config\meta_ct_config.csproj", "{88B32AE8-7129-44B2-910B-C1ED5C79CBA5}"
EndProject
Project("{FAE04EC0-301F-11D3-BF4B-00C04F79EFBC}") = "ep_functions", "unmanaged\ep_functions\ep_functions.csproj", "{13E495EF-B62D-494E-AEC7-E06E7826DCE6}"
EndProject
Project("{FAE04EC0-301F-11D3-BF4B-00C04F79EFBC}") = "calcolooccasionale", "casualcontract\calcolooccasionale\calcolooccasionale.csproj", "{EF1D2FBE-1425-40E7-94EC-5ABFB69A7CAE}"
EndProject
Project("{FAE04EC0-301F-11D3-BF4B-00C04F79EFBC}") = "service_anagrafica", "service\service_anagrafica\service_anagrafica.csproj", "{D13CF683-8855-4204-AB4B-E31C1F893A72}"
EndProject
Project("{FAE04EC0-301F-11D3-BF4B-00C04F79EFBC}") = "taxmotive_single", "taxmotive\taxmotive_single\taxmotive_single.csproj", "{BFA6AF0E-4E33-41B4-BF66-CEF7D4FAB7B7}"
EndProject
Project("{FAE04EC0-301F-11D3-BF4B-00C04F79EFBC}") = "GeneraSQL", "unmanaged\GeneraSQL\GeneraSQL.csproj", "{FB8B2892-0E74-458D-926D-EEA4D36AEEF9}"
EndProject
Project("{FAE04EC0-301F-11D3-BF4B-00C04F79EFBC}") = "meta_config_pagopa", "config_pagopa\meta_config_pagopa\meta_config_pagopa.csproj", "{33935CED-E6FF-4905-8C67-8B34A956A0B3}"
EndProject
Project("{FAE04EC0-301F-11D3-BF4B-00C04F79EFBC}") = "config_pagopa_default", "config_pagopa\config_pagopa_default\config_pagopa_default.csproj", "{A2979DBA-AD81-46A4-B290-2CC71F4A6033}"
EndProject
Project("{FAE04EC0-301F-11D3-BF4B-00C04F79EFBC}") = "meta_dalia_recruitmentmotive", "dalia_recruitmentmotive\meta_dalia_recruitmentmotive\meta_dalia_recruitmentmotive.csproj", "{4D3D90BA-C143-4946-BF9D-3E5788E7C55A}"
EndProject
Global
	GlobalSection(SolutionConfigurationPlatforms) = preSolution
		Debug|Any CPU = Debug|Any CPU
		Release|Any CPU = Release|Any CPU
	EndGlobalSection
	GlobalSection(ProjectConfigurationPlatforms) = postSolution
		{E04C2CEF-078B-4B25-904C-6374C88E0EE7}.Debug|Any CPU.ActiveCfg = Debug|Any CPU
		{E04C2CEF-078B-4B25-904C-6374C88E0EE7}.Debug|Any CPU.Build.0 = Debug|Any CPU
		{E04C2CEF-078B-4B25-904C-6374C88E0EE7}.Release|Any CPU.ActiveCfg = Release|Any CPU
		{E04C2CEF-078B-4B25-904C-6374C88E0EE7}.Release|Any CPU.Build.0 = Release|Any CPU
		{26A175CF-9561-4D49-B959-3529CC6D08A5}.Debug|Any CPU.ActiveCfg = Debug|Any CPU
		{26A175CF-9561-4D49-B959-3529CC6D08A5}.Debug|Any CPU.Build.0 = Debug|Any CPU
		{26A175CF-9561-4D49-B959-3529CC6D08A5}.Release|Any CPU.ActiveCfg = Release|Any CPU
		{26A175CF-9561-4D49-B959-3529CC6D08A5}.Release|Any CPU.Build.0 = Release|Any CPU
		{3401638F-C463-4187-A1F6-2081DA19D58D}.Debug|Any CPU.ActiveCfg = Debug|Any CPU
		{3401638F-C463-4187-A1F6-2081DA19D58D}.Debug|Any CPU.Build.0 = Debug|Any CPU
		{3401638F-C463-4187-A1F6-2081DA19D58D}.Release|Any CPU.ActiveCfg = Release|Any CPU
		{3401638F-C463-4187-A1F6-2081DA19D58D}.Release|Any CPU.Build.0 = Release|Any CPU
		{C0DACF4D-2F3E-44D6-A718-7C9821A1BDCD}.Debug|Any CPU.ActiveCfg = Debug|Any CPU
		{C0DACF4D-2F3E-44D6-A718-7C9821A1BDCD}.Debug|Any CPU.Build.0 = Debug|Any CPU
		{C0DACF4D-2F3E-44D6-A718-7C9821A1BDCD}.Release|Any CPU.ActiveCfg = Release|Any CPU
		{C0DACF4D-2F3E-44D6-A718-7C9821A1BDCD}.Release|Any CPU.Build.0 = Release|Any CPU
		{0A5AE6F6-3EE5-4136-AE4F-56A5DC2B76D5}.Debug|Any CPU.ActiveCfg = Debug|Any CPU
		{0A5AE6F6-3EE5-4136-AE4F-56A5DC2B76D5}.Debug|Any CPU.Build.0 = Debug|Any CPU
		{0A5AE6F6-3EE5-4136-AE4F-56A5DC2B76D5}.Release|Any CPU.ActiveCfg = Release|Any CPU
		{0A5AE6F6-3EE5-4136-AE4F-56A5DC2B76D5}.Release|Any CPU.Build.0 = Release|Any CPU
		{0D5B8503-0A34-4002-B8F0-70E30127AEEF}.Debug|Any CPU.ActiveCfg = Debug|Any CPU
		{0D5B8503-0A34-4002-B8F0-70E30127AEEF}.Debug|Any CPU.Build.0 = Debug|Any CPU
		{0D5B8503-0A34-4002-B8F0-70E30127AEEF}.Release|Any CPU.ActiveCfg = Release|Any CPU
		{0D5B8503-0A34-4002-B8F0-70E30127AEEF}.Release|Any CPU.Build.0 = Release|Any CPU
		{F16CA47A-5800-4E96-A086-62C1B5416E75}.Debug|Any CPU.ActiveCfg = Debug|Any CPU
		{F16CA47A-5800-4E96-A086-62C1B5416E75}.Debug|Any CPU.Build.0 = Debug|Any CPU
		{F16CA47A-5800-4E96-A086-62C1B5416E75}.Release|Any CPU.ActiveCfg = Release|Any CPU
		{F16CA47A-5800-4E96-A086-62C1B5416E75}.Release|Any CPU.Build.0 = Release|Any CPU
		{98D03AE0-439E-4724-BC09-A999ADB3CB6C}.Debug|Any CPU.ActiveCfg = Debug|Any CPU
		{98D03AE0-439E-4724-BC09-A999ADB3CB6C}.Debug|Any CPU.Build.0 = Debug|Any CPU
		{98D03AE0-439E-4724-BC09-A999ADB3CB6C}.Release|Any CPU.ActiveCfg = Release|Any CPU
		{98D03AE0-439E-4724-BC09-A999ADB3CB6C}.Release|Any CPU.Build.0 = Release|Any CPU
		{42D2BFEA-1727-4039-A978-5D366E5479D3}.Debug|Any CPU.ActiveCfg = Debug|Any CPU
		{42D2BFEA-1727-4039-A978-5D366E5479D3}.Debug|Any CPU.Build.0 = Debug|Any CPU
		{42D2BFEA-1727-4039-A978-5D366E5479D3}.Release|Any CPU.ActiveCfg = Release|Any CPU
		{42D2BFEA-1727-4039-A978-5D366E5479D3}.Release|Any CPU.Build.0 = Release|Any CPU
		{F4FF7FCC-D02C-455A-B57F-33789D9588BD}.Debug|Any CPU.ActiveCfg = Debug|Any CPU
		{F4FF7FCC-D02C-455A-B57F-33789D9588BD}.Debug|Any CPU.Build.0 = Debug|Any CPU
		{F4FF7FCC-D02C-455A-B57F-33789D9588BD}.Release|Any CPU.ActiveCfg = Release|Any CPU
		{F4FF7FCC-D02C-455A-B57F-33789D9588BD}.Release|Any CPU.Build.0 = Release|Any CPU
		{7FF2692C-3359-4375-A9A2-2B090A73F3D1}.Debug|Any CPU.ActiveCfg = Debug|Any CPU
		{7FF2692C-3359-4375-A9A2-2B090A73F3D1}.Debug|Any CPU.Build.0 = Debug|Any CPU
		{7FF2692C-3359-4375-A9A2-2B090A73F3D1}.Release|Any CPU.ActiveCfg = Release|Any CPU
		{7FF2692C-3359-4375-A9A2-2B090A73F3D1}.Release|Any CPU.Build.0 = Release|Any CPU
		{C1CC2A4E-E071-48B3-AF64-2179679FE5D6}.Debug|Any CPU.ActiveCfg = Debug|Any CPU
		{C1CC2A4E-E071-48B3-AF64-2179679FE5D6}.Debug|Any CPU.Build.0 = Debug|Any CPU
		{C1CC2A4E-E071-48B3-AF64-2179679FE5D6}.Release|Any CPU.ActiveCfg = Release|Any CPU
		{C1CC2A4E-E071-48B3-AF64-2179679FE5D6}.Release|Any CPU.Build.0 = Release|Any CPU
		{93E02850-D806-45E8-ABE6-72B018293AA3}.Debug|Any CPU.ActiveCfg = Debug|Any CPU
		{93E02850-D806-45E8-ABE6-72B018293AA3}.Debug|Any CPU.Build.0 = Debug|Any CPU
		{93E02850-D806-45E8-ABE6-72B018293AA3}.Release|Any CPU.ActiveCfg = Release|Any CPU
		{93E02850-D806-45E8-ABE6-72B018293AA3}.Release|Any CPU.Build.0 = Release|Any CPU
		{11E18FFE-7DBD-48F4-8D41-12F15DFE090E}.Debug|Any CPU.ActiveCfg = Debug|Any CPU
		{11E18FFE-7DBD-48F4-8D41-12F15DFE090E}.Debug|Any CPU.Build.0 = Debug|Any CPU
		{11E18FFE-7DBD-48F4-8D41-12F15DFE090E}.Release|Any CPU.ActiveCfg = Release|Any CPU
		{11E18FFE-7DBD-48F4-8D41-12F15DFE090E}.Release|Any CPU.Build.0 = Release|Any CPU
		{92EDC2FF-4C87-4F7B-95B0-DFF0AF2D66FA}.Debug|Any CPU.ActiveCfg = Debug|Any CPU
		{92EDC2FF-4C87-4F7B-95B0-DFF0AF2D66FA}.Debug|Any CPU.Build.0 = Debug|Any CPU
		{92EDC2FF-4C87-4F7B-95B0-DFF0AF2D66FA}.Release|Any CPU.ActiveCfg = Release|Any CPU
		{92EDC2FF-4C87-4F7B-95B0-DFF0AF2D66FA}.Release|Any CPU.Build.0 = Release|Any CPU
		{99471042-F18E-45F3-B766-77D5D5989093}.Debug|Any CPU.ActiveCfg = Debug|Any CPU
		{99471042-F18E-45F3-B766-77D5D5989093}.Debug|Any CPU.Build.0 = Debug|Any CPU
		{99471042-F18E-45F3-B766-77D5D5989093}.Release|Any CPU.ActiveCfg = Release|Any CPU
		{99471042-F18E-45F3-B766-77D5D5989093}.Release|Any CPU.Build.0 = Release|Any CPU
		{E1935425-365A-4549-8289-69274ABC872B}.Debug|Any CPU.ActiveCfg = Debug|Any CPU
		{E1935425-365A-4549-8289-69274ABC872B}.Debug|Any CPU.Build.0 = Debug|Any CPU
		{E1935425-365A-4549-8289-69274ABC872B}.Release|Any CPU.ActiveCfg = Release|Any CPU
		{E1935425-365A-4549-8289-69274ABC872B}.Release|Any CPU.Build.0 = Release|Any CPU
		{8F07517F-E04A-48A0-B55B-44EB7EE45A3A}.Debug|Any CPU.ActiveCfg = Debug|Any CPU
		{8F07517F-E04A-48A0-B55B-44EB7EE45A3A}.Debug|Any CPU.Build.0 = Debug|Any CPU
		{8F07517F-E04A-48A0-B55B-44EB7EE45A3A}.Release|Any CPU.ActiveCfg = Release|Any CPU
		{8F07517F-E04A-48A0-B55B-44EB7EE45A3A}.Release|Any CPU.Build.0 = Release|Any CPU
		{59D2BECF-9E9F-4CFC-9429-D1FCE8367909}.Debug|Any CPU.ActiveCfg = Debug|Any CPU
		{59D2BECF-9E9F-4CFC-9429-D1FCE8367909}.Debug|Any CPU.Build.0 = Debug|Any CPU
		{59D2BECF-9E9F-4CFC-9429-D1FCE8367909}.Release|Any CPU.ActiveCfg = Release|Any CPU
		{59D2BECF-9E9F-4CFC-9429-D1FCE8367909}.Release|Any CPU.Build.0 = Release|Any CPU
		{0E8D2FD1-710C-4B75-9779-EC6CFD2ECC62}.Debug|Any CPU.ActiveCfg = Debug|Any CPU
		{0E8D2FD1-710C-4B75-9779-EC6CFD2ECC62}.Debug|Any CPU.Build.0 = Debug|Any CPU
		{0E8D2FD1-710C-4B75-9779-EC6CFD2ECC62}.Release|Any CPU.ActiveCfg = Release|Any CPU
		{0E8D2FD1-710C-4B75-9779-EC6CFD2ECC62}.Release|Any CPU.Build.0 = Release|Any CPU
		{EADE2982-6430-4E5A-BDB7-591F6753A6B7}.Debug|Any CPU.ActiveCfg = Debug|Any CPU
		{EADE2982-6430-4E5A-BDB7-591F6753A6B7}.Debug|Any CPU.Build.0 = Debug|Any CPU
		{EADE2982-6430-4E5A-BDB7-591F6753A6B7}.Release|Any CPU.ActiveCfg = Release|Any CPU
		{EADE2982-6430-4E5A-BDB7-591F6753A6B7}.Release|Any CPU.Build.0 = Release|Any CPU
		{9D28A935-D776-449B-92BE-C363464B8282}.Debug|Any CPU.ActiveCfg = Debug|Any CPU
		{9D28A935-D776-449B-92BE-C363464B8282}.Debug|Any CPU.Build.0 = Debug|Any CPU
		{9D28A935-D776-449B-92BE-C363464B8282}.Release|Any CPU.ActiveCfg = Release|Any CPU
		{9D28A935-D776-449B-92BE-C363464B8282}.Release|Any CPU.Build.0 = Release|Any CPU
		{87D5ECB8-8B1E-4D5E-8D6B-8DD8905FB2CC}.Debug|Any CPU.ActiveCfg = Debug|Any CPU
		{87D5ECB8-8B1E-4D5E-8D6B-8DD8905FB2CC}.Debug|Any CPU.Build.0 = Debug|Any CPU
		{87D5ECB8-8B1E-4D5E-8D6B-8DD8905FB2CC}.Release|Any CPU.ActiveCfg = Release|Any CPU
		{87D5ECB8-8B1E-4D5E-8D6B-8DD8905FB2CC}.Release|Any CPU.Build.0 = Release|Any CPU
		{5A62D196-0224-4F8C-AD92-7A8C2C5F04EB}.Debug|Any CPU.ActiveCfg = Debug|Any CPU
		{5A62D196-0224-4F8C-AD92-7A8C2C5F04EB}.Debug|Any CPU.Build.0 = Debug|Any CPU
		{5A62D196-0224-4F8C-AD92-7A8C2C5F04EB}.Release|Any CPU.ActiveCfg = Release|Any CPU
		{5A62D196-0224-4F8C-AD92-7A8C2C5F04EB}.Release|Any CPU.Build.0 = Release|Any CPU
		{72F069D2-7AA9-4288-9CCC-CAEDCDA614BD}.Debug|Any CPU.ActiveCfg = Debug|Any CPU
		{72F069D2-7AA9-4288-9CCC-CAEDCDA614BD}.Debug|Any CPU.Build.0 = Debug|Any CPU
		{72F069D2-7AA9-4288-9CCC-CAEDCDA614BD}.Release|Any CPU.ActiveCfg = Release|Any CPU
		{72F069D2-7AA9-4288-9CCC-CAEDCDA614BD}.Release|Any CPU.Build.0 = Release|Any CPU
		{462BC69B-6AF9-46C6-A710-3BBFCF534CB3}.Debug|Any CPU.ActiveCfg = Debug|Any CPU
		{462BC69B-6AF9-46C6-A710-3BBFCF534CB3}.Debug|Any CPU.Build.0 = Debug|Any CPU
		{462BC69B-6AF9-46C6-A710-3BBFCF534CB3}.Release|Any CPU.ActiveCfg = Release|Any CPU
		{462BC69B-6AF9-46C6-A710-3BBFCF534CB3}.Release|Any CPU.Build.0 = Release|Any CPU
		{40B1712C-7975-4DAA-B348-311120F981AC}.Debug|Any CPU.ActiveCfg = Debug|Any CPU
		{40B1712C-7975-4DAA-B348-311120F981AC}.Debug|Any CPU.Build.0 = Debug|Any CPU
		{40B1712C-7975-4DAA-B348-311120F981AC}.Release|Any CPU.ActiveCfg = Release|Any CPU
		{40B1712C-7975-4DAA-B348-311120F981AC}.Release|Any CPU.Build.0 = Release|Any CPU
		{22E483E4-2BD6-4783-A904-DBE1916E83B4}.Debug|Any CPU.ActiveCfg = Debug|Any CPU
		{22E483E4-2BD6-4783-A904-DBE1916E83B4}.Debug|Any CPU.Build.0 = Debug|Any CPU
		{22E483E4-2BD6-4783-A904-DBE1916E83B4}.Release|Any CPU.ActiveCfg = Release|Any CPU
		{22E483E4-2BD6-4783-A904-DBE1916E83B4}.Release|Any CPU.Build.0 = Release|Any CPU
		{135D474B-91DD-4F9C-86FF-BFE64455F4C4}.Debug|Any CPU.ActiveCfg = Debug|Any CPU
		{135D474B-91DD-4F9C-86FF-BFE64455F4C4}.Debug|Any CPU.Build.0 = Debug|Any CPU
		{135D474B-91DD-4F9C-86FF-BFE64455F4C4}.Release|Any CPU.ActiveCfg = Release|Any CPU
		{135D474B-91DD-4F9C-86FF-BFE64455F4C4}.Release|Any CPU.Build.0 = Release|Any CPU
		{39783FC4-2676-485F-AA55-7403303809E5}.Debug|Any CPU.ActiveCfg = Debug|Any CPU
		{39783FC4-2676-485F-AA55-7403303809E5}.Debug|Any CPU.Build.0 = Debug|Any CPU
		{39783FC4-2676-485F-AA55-7403303809E5}.Release|Any CPU.ActiveCfg = Release|Any CPU
		{39783FC4-2676-485F-AA55-7403303809E5}.Release|Any CPU.Build.0 = Release|Any CPU
		{FD3D0A4B-C80E-47A5-A21D-B982201BE627}.Debug|Any CPU.ActiveCfg = Debug|Any CPU
		{FD3D0A4B-C80E-47A5-A21D-B982201BE627}.Debug|Any CPU.Build.0 = Debug|Any CPU
		{FD3D0A4B-C80E-47A5-A21D-B982201BE627}.Release|Any CPU.ActiveCfg = Release|Any CPU
		{FD3D0A4B-C80E-47A5-A21D-B982201BE627}.Release|Any CPU.Build.0 = Release|Any CPU
		{80C372EE-5AB5-4452-9604-A2AA141FF23F}.Debug|Any CPU.ActiveCfg = Debug|Any CPU
		{80C372EE-5AB5-4452-9604-A2AA141FF23F}.Debug|Any CPU.Build.0 = Debug|Any CPU
		{80C372EE-5AB5-4452-9604-A2AA141FF23F}.Release|Any CPU.ActiveCfg = Release|Any CPU
		{80C372EE-5AB5-4452-9604-A2AA141FF23F}.Release|Any CPU.Build.0 = Release|Any CPU
		{D2F03027-661F-4878-9858-985C677CE65F}.Debug|Any CPU.ActiveCfg = Debug|Any CPU
		{D2F03027-661F-4878-9858-985C677CE65F}.Debug|Any CPU.Build.0 = Debug|Any CPU
		{D2F03027-661F-4878-9858-985C677CE65F}.Release|Any CPU.ActiveCfg = Release|Any CPU
		{D2F03027-661F-4878-9858-985C677CE65F}.Release|Any CPU.Build.0 = Release|Any CPU
		{E1ECA135-D276-435E-8E96-CE0E639B6E27}.Debug|Any CPU.ActiveCfg = Debug|Any CPU
		{E1ECA135-D276-435E-8E96-CE0E639B6E27}.Debug|Any CPU.Build.0 = Debug|Any CPU
		{E1ECA135-D276-435E-8E96-CE0E639B6E27}.Release|Any CPU.ActiveCfg = Release|Any CPU
		{E1ECA135-D276-435E-8E96-CE0E639B6E27}.Release|Any CPU.Build.0 = Release|Any CPU
		{80B1AF0B-71F1-43EB-82EE-DDEC8C3E91E9}.Debug|Any CPU.ActiveCfg = Debug|Any CPU
		{80B1AF0B-71F1-43EB-82EE-DDEC8C3E91E9}.Debug|Any CPU.Build.0 = Debug|Any CPU
		{80B1AF0B-71F1-43EB-82EE-DDEC8C3E91E9}.Release|Any CPU.ActiveCfg = Release|Any CPU
		{80B1AF0B-71F1-43EB-82EE-DDEC8C3E91E9}.Release|Any CPU.Build.0 = Release|Any CPU
		{78D51708-4DC5-4927-9EAF-622BE1B02205}.Debug|Any CPU.ActiveCfg = Debug|Any CPU
		{78D51708-4DC5-4927-9EAF-622BE1B02205}.Debug|Any CPU.Build.0 = Debug|Any CPU
		{78D51708-4DC5-4927-9EAF-622BE1B02205}.Release|Any CPU.ActiveCfg = Release|Any CPU
		{78D51708-4DC5-4927-9EAF-622BE1B02205}.Release|Any CPU.Build.0 = Release|Any CPU
		{38FBC11F-C9FD-4C64-811D-7201C77C55DF}.Debug|Any CPU.ActiveCfg = Debug|Any CPU
		{38FBC11F-C9FD-4C64-811D-7201C77C55DF}.Debug|Any CPU.Build.0 = Debug|Any CPU
		{38FBC11F-C9FD-4C64-811D-7201C77C55DF}.Release|Any CPU.ActiveCfg = Release|Any CPU
		{38FBC11F-C9FD-4C64-811D-7201C77C55DF}.Release|Any CPU.Build.0 = Release|Any CPU
		{E1CE394B-817A-488C-AAA2-05AA1DEECC0B}.Debug|Any CPU.ActiveCfg = Debug|Any CPU
		{E1CE394B-817A-488C-AAA2-05AA1DEECC0B}.Debug|Any CPU.Build.0 = Debug|Any CPU
		{E1CE394B-817A-488C-AAA2-05AA1DEECC0B}.Release|Any CPU.ActiveCfg = Release|Any CPU
		{E1CE394B-817A-488C-AAA2-05AA1DEECC0B}.Release|Any CPU.Build.0 = Release|Any CPU
		{310CD4A6-A01E-496D-87F4-8818B7B9C077}.Debug|Any CPU.ActiveCfg = Debug|Any CPU
		{310CD4A6-A01E-496D-87F4-8818B7B9C077}.Debug|Any CPU.Build.0 = Debug|Any CPU
		{310CD4A6-A01E-496D-87F4-8818B7B9C077}.Release|Any CPU.ActiveCfg = Release|Any CPU
		{310CD4A6-A01E-496D-87F4-8818B7B9C077}.Release|Any CPU.Build.0 = Release|Any CPU
		{997C1750-EA08-40F3-91CD-BB60F1E468BC}.Debug|Any CPU.ActiveCfg = Debug|Any CPU
		{997C1750-EA08-40F3-91CD-BB60F1E468BC}.Debug|Any CPU.Build.0 = Debug|Any CPU
		{997C1750-EA08-40F3-91CD-BB60F1E468BC}.Release|Any CPU.ActiveCfg = Release|Any CPU
		{997C1750-EA08-40F3-91CD-BB60F1E468BC}.Release|Any CPU.Build.0 = Release|Any CPU
		{F43DB06A-E07F-4C0D-8E46-A10FD071AE49}.Debug|Any CPU.ActiveCfg = Debug|Any CPU
		{F43DB06A-E07F-4C0D-8E46-A10FD071AE49}.Debug|Any CPU.Build.0 = Debug|Any CPU
		{F43DB06A-E07F-4C0D-8E46-A10FD071AE49}.Release|Any CPU.ActiveCfg = Release|Any CPU
		{F43DB06A-E07F-4C0D-8E46-A10FD071AE49}.Release|Any CPU.Build.0 = Release|Any CPU
		{590EC304-467A-4BAB-8ACE-68E4C4D127E5}.Debug|Any CPU.ActiveCfg = Debug|Any CPU
		{590EC304-467A-4BAB-8ACE-68E4C4D127E5}.Debug|Any CPU.Build.0 = Debug|Any CPU
		{590EC304-467A-4BAB-8ACE-68E4C4D127E5}.Release|Any CPU.ActiveCfg = Release|Any CPU
		{590EC304-467A-4BAB-8ACE-68E4C4D127E5}.Release|Any CPU.Build.0 = Release|Any CPU
		{2EC6944F-CB6B-40E9-B1F0-E9F438ADCF53}.Debug|Any CPU.ActiveCfg = Debug|Any CPU
		{2EC6944F-CB6B-40E9-B1F0-E9F438ADCF53}.Debug|Any CPU.Build.0 = Debug|Any CPU
		{2EC6944F-CB6B-40E9-B1F0-E9F438ADCF53}.Release|Any CPU.ActiveCfg = Release|Any CPU
		{2EC6944F-CB6B-40E9-B1F0-E9F438ADCF53}.Release|Any CPU.Build.0 = Release|Any CPU
		{62BAFFDA-1A74-43D0-947E-4F72454E4026}.Debug|Any CPU.ActiveCfg = Debug|Any CPU
		{62BAFFDA-1A74-43D0-947E-4F72454E4026}.Debug|Any CPU.Build.0 = Debug|Any CPU
		{62BAFFDA-1A74-43D0-947E-4F72454E4026}.Release|Any CPU.ActiveCfg = Release|Any CPU
		{62BAFFDA-1A74-43D0-947E-4F72454E4026}.Release|Any CPU.Build.0 = Release|Any CPU
		{A8771882-7D65-469B-9A30-966D1E514171}.Debug|Any CPU.ActiveCfg = Debug|Any CPU
		{A8771882-7D65-469B-9A30-966D1E514171}.Debug|Any CPU.Build.0 = Debug|Any CPU
		{A8771882-7D65-469B-9A30-966D1E514171}.Release|Any CPU.ActiveCfg = Release|Any CPU
		{A8771882-7D65-469B-9A30-966D1E514171}.Release|Any CPU.Build.0 = Release|Any CPU
		{41A7677C-E2C8-4459-A370-1A4E8B3CE379}.Debug|Any CPU.ActiveCfg = Debug|Any CPU
		{41A7677C-E2C8-4459-A370-1A4E8B3CE379}.Debug|Any CPU.Build.0 = Debug|Any CPU
		{41A7677C-E2C8-4459-A370-1A4E8B3CE379}.Release|Any CPU.ActiveCfg = Release|Any CPU
		{41A7677C-E2C8-4459-A370-1A4E8B3CE379}.Release|Any CPU.Build.0 = Release|Any CPU
		{18C09DF5-D223-4D33-83B0-BC2EF9EEF064}.Debug|Any CPU.ActiveCfg = Debug|Any CPU
		{18C09DF5-D223-4D33-83B0-BC2EF9EEF064}.Debug|Any CPU.Build.0 = Debug|Any CPU
		{18C09DF5-D223-4D33-83B0-BC2EF9EEF064}.Release|Any CPU.ActiveCfg = Release|Any CPU
		{18C09DF5-D223-4D33-83B0-BC2EF9EEF064}.Release|Any CPU.Build.0 = Release|Any CPU
		{06CB9BE8-9F4A-4B7A-9078-3D49E2EC846B}.Debug|Any CPU.ActiveCfg = Debug|Any CPU
		{06CB9BE8-9F4A-4B7A-9078-3D49E2EC846B}.Debug|Any CPU.Build.0 = Debug|Any CPU
		{06CB9BE8-9F4A-4B7A-9078-3D49E2EC846B}.Release|Any CPU.ActiveCfg = Release|Any CPU
		{06CB9BE8-9F4A-4B7A-9078-3D49E2EC846B}.Release|Any CPU.Build.0 = Release|Any CPU
		{BD5213A9-D48B-4C74-90A1-B69238636A17}.Debug|Any CPU.ActiveCfg = Debug|Any CPU
		{BD5213A9-D48B-4C74-90A1-B69238636A17}.Debug|Any CPU.Build.0 = Debug|Any CPU
		{BD5213A9-D48B-4C74-90A1-B69238636A17}.Release|Any CPU.ActiveCfg = Release|Any CPU
		{BD5213A9-D48B-4C74-90A1-B69238636A17}.Release|Any CPU.Build.0 = Release|Any CPU
		{A514751B-A2BE-4DAB-9C61-313BD00FD8C1}.Debug|Any CPU.ActiveCfg = Debug|Any CPU
		{A514751B-A2BE-4DAB-9C61-313BD00FD8C1}.Debug|Any CPU.Build.0 = Debug|Any CPU
		{A514751B-A2BE-4DAB-9C61-313BD00FD8C1}.Release|Any CPU.ActiveCfg = Release|Any CPU
		{A514751B-A2BE-4DAB-9C61-313BD00FD8C1}.Release|Any CPU.Build.0 = Release|Any CPU
		{73055227-D0E0-4741-8F7C-D22311844F6E}.Debug|Any CPU.ActiveCfg = Debug|Any CPU
		{73055227-D0E0-4741-8F7C-D22311844F6E}.Debug|Any CPU.Build.0 = Debug|Any CPU
		{73055227-D0E0-4741-8F7C-D22311844F6E}.Release|Any CPU.ActiveCfg = Release|Any CPU
		{73055227-D0E0-4741-8F7C-D22311844F6E}.Release|Any CPU.Build.0 = Release|Any CPU
		{5254CD82-CDE8-431A-9E51-33427E5F7720}.Debug|Any CPU.ActiveCfg = Debug|Any CPU
		{5254CD82-CDE8-431A-9E51-33427E5F7720}.Debug|Any CPU.Build.0 = Debug|Any CPU
		{5254CD82-CDE8-431A-9E51-33427E5F7720}.Release|Any CPU.ActiveCfg = Release|Any CPU
		{5254CD82-CDE8-431A-9E51-33427E5F7720}.Release|Any CPU.Build.0 = Release|Any CPU
		{853AD738-D5C1-440F-95F8-1126E9770700}.Debug|Any CPU.ActiveCfg = Debug|Any CPU
		{853AD738-D5C1-440F-95F8-1126E9770700}.Debug|Any CPU.Build.0 = Debug|Any CPU
		{853AD738-D5C1-440F-95F8-1126E9770700}.Release|Any CPU.ActiveCfg = Release|Any CPU
		{853AD738-D5C1-440F-95F8-1126E9770700}.Release|Any CPU.Build.0 = Release|Any CPU
		{8FFC6B4A-DC18-4E47-8D15-D9813DB8C783}.Debug|Any CPU.ActiveCfg = Debug|Any CPU
		{8FFC6B4A-DC18-4E47-8D15-D9813DB8C783}.Debug|Any CPU.Build.0 = Debug|Any CPU
		{8FFC6B4A-DC18-4E47-8D15-D9813DB8C783}.Release|Any CPU.ActiveCfg = Release|Any CPU
		{8FFC6B4A-DC18-4E47-8D15-D9813DB8C783}.Release|Any CPU.Build.0 = Release|Any CPU
		{548B48F0-3FFC-43FC-AA33-85805F2A6264}.Debug|Any CPU.ActiveCfg = Debug|Any CPU
		{548B48F0-3FFC-43FC-AA33-85805F2A6264}.Debug|Any CPU.Build.0 = Debug|Any CPU
		{548B48F0-3FFC-43FC-AA33-85805F2A6264}.Release|Any CPU.ActiveCfg = Release|Any CPU
		{548B48F0-3FFC-43FC-AA33-85805F2A6264}.Release|Any CPU.Build.0 = Release|Any CPU
		{D7117BAD-9239-47BA-9C7D-7C00D8DD13DB}.Debug|Any CPU.ActiveCfg = Debug|Any CPU
		{D7117BAD-9239-47BA-9C7D-7C00D8DD13DB}.Debug|Any CPU.Build.0 = Debug|Any CPU
		{D7117BAD-9239-47BA-9C7D-7C00D8DD13DB}.Release|Any CPU.ActiveCfg = Release|Any CPU
		{D7117BAD-9239-47BA-9C7D-7C00D8DD13DB}.Release|Any CPU.Build.0 = Release|Any CPU
		{68E8A3D1-A566-4984-A6CD-5CDDDD7C4299}.Debug|Any CPU.ActiveCfg = Debug|Any CPU
		{68E8A3D1-A566-4984-A6CD-5CDDDD7C4299}.Debug|Any CPU.Build.0 = Debug|Any CPU
		{68E8A3D1-A566-4984-A6CD-5CDDDD7C4299}.Release|Any CPU.ActiveCfg = Release|Any CPU
		{68E8A3D1-A566-4984-A6CD-5CDDDD7C4299}.Release|Any CPU.Build.0 = Release|Any CPU
		{FAB30459-4DE9-4133-A302-D7B920E3A1D5}.Debug|Any CPU.ActiveCfg = Debug|Any CPU
		{FAB30459-4DE9-4133-A302-D7B920E3A1D5}.Debug|Any CPU.Build.0 = Debug|Any CPU
		{FAB30459-4DE9-4133-A302-D7B920E3A1D5}.Release|Any CPU.ActiveCfg = Release|Any CPU
		{FAB30459-4DE9-4133-A302-D7B920E3A1D5}.Release|Any CPU.Build.0 = Release|Any CPU
		{3A2289FC-825E-4961-8097-56486590391E}.Debug|Any CPU.ActiveCfg = Debug|Any CPU
		{3A2289FC-825E-4961-8097-56486590391E}.Debug|Any CPU.Build.0 = Debug|Any CPU
		{3A2289FC-825E-4961-8097-56486590391E}.Release|Any CPU.ActiveCfg = Release|Any CPU
		{3A2289FC-825E-4961-8097-56486590391E}.Release|Any CPU.Build.0 = Release|Any CPU
		{520A7C2E-BCB1-43BE-B3B9-BFE4403E6600}.Debug|Any CPU.ActiveCfg = Debug|Any CPU
		{520A7C2E-BCB1-43BE-B3B9-BFE4403E6600}.Debug|Any CPU.Build.0 = Debug|Any CPU
		{520A7C2E-BCB1-43BE-B3B9-BFE4403E6600}.Release|Any CPU.ActiveCfg = Release|Any CPU
		{520A7C2E-BCB1-43BE-B3B9-BFE4403E6600}.Release|Any CPU.Build.0 = Release|Any CPU
		{669E0FAF-9BC7-4D94-BF27-82D4446BD798}.Debug|Any CPU.ActiveCfg = Debug|Any CPU
		{669E0FAF-9BC7-4D94-BF27-82D4446BD798}.Debug|Any CPU.Build.0 = Debug|Any CPU
		{669E0FAF-9BC7-4D94-BF27-82D4446BD798}.Release|Any CPU.ActiveCfg = Release|Any CPU
		{669E0FAF-9BC7-4D94-BF27-82D4446BD798}.Release|Any CPU.Build.0 = Release|Any CPU
		{BC6BDF89-1C70-4796-9E17-8C57CB364F6E}.Debug|Any CPU.ActiveCfg = Debug|Any CPU
		{BC6BDF89-1C70-4796-9E17-8C57CB364F6E}.Debug|Any CPU.Build.0 = Debug|Any CPU
		{BC6BDF89-1C70-4796-9E17-8C57CB364F6E}.Release|Any CPU.ActiveCfg = Release|Any CPU
		{BC6BDF89-1C70-4796-9E17-8C57CB364F6E}.Release|Any CPU.Build.0 = Release|Any CPU
		{28F59F6C-2CE5-4734-B257-FB5A95CF655D}.Debug|Any CPU.ActiveCfg = Debug|Any CPU
		{28F59F6C-2CE5-4734-B257-FB5A95CF655D}.Debug|Any CPU.Build.0 = Debug|Any CPU
		{28F59F6C-2CE5-4734-B257-FB5A95CF655D}.Release|Any CPU.ActiveCfg = Release|Any CPU
		{28F59F6C-2CE5-4734-B257-FB5A95CF655D}.Release|Any CPU.Build.0 = Release|Any CPU
		{CA9DDEAE-F1ED-4343-B92B-3F7EE5578DDA}.Debug|Any CPU.ActiveCfg = Debug|Any CPU
		{CA9DDEAE-F1ED-4343-B92B-3F7EE5578DDA}.Debug|Any CPU.Build.0 = Debug|Any CPU
		{CA9DDEAE-F1ED-4343-B92B-3F7EE5578DDA}.Release|Any CPU.ActiveCfg = Release|Any CPU
		{CA9DDEAE-F1ED-4343-B92B-3F7EE5578DDA}.Release|Any CPU.Build.0 = Release|Any CPU
		{C146AF35-AE9E-41EF-9FFC-A6258A73F18A}.Debug|Any CPU.ActiveCfg = Debug|Any CPU
		{C146AF35-AE9E-41EF-9FFC-A6258A73F18A}.Debug|Any CPU.Build.0 = Debug|Any CPU
		{C146AF35-AE9E-41EF-9FFC-A6258A73F18A}.Release|Any CPU.ActiveCfg = Release|Any CPU
		{C146AF35-AE9E-41EF-9FFC-A6258A73F18A}.Release|Any CPU.Build.0 = Release|Any CPU
		{041DBFE2-ED52-4BF0-8D6A-11568269A2F8}.Debug|Any CPU.ActiveCfg = Debug|Any CPU
		{041DBFE2-ED52-4BF0-8D6A-11568269A2F8}.Debug|Any CPU.Build.0 = Debug|Any CPU
		{041DBFE2-ED52-4BF0-8D6A-11568269A2F8}.Release|Any CPU.ActiveCfg = Release|Any CPU
		{041DBFE2-ED52-4BF0-8D6A-11568269A2F8}.Release|Any CPU.Build.0 = Release|Any CPU
		{94244530-D34B-4ECF-B369-F93409C99E9A}.Debug|Any CPU.ActiveCfg = Debug|Any CPU
		{94244530-D34B-4ECF-B369-F93409C99E9A}.Debug|Any CPU.Build.0 = Debug|Any CPU
		{94244530-D34B-4ECF-B369-F93409C99E9A}.Release|Any CPU.ActiveCfg = Release|Any CPU
		{94244530-D34B-4ECF-B369-F93409C99E9A}.Release|Any CPU.Build.0 = Release|Any CPU
		{88B32AE8-7129-44B2-910B-C1ED5C79CBA5}.Debug|Any CPU.ActiveCfg = Debug|Any CPU
		{88B32AE8-7129-44B2-910B-C1ED5C79CBA5}.Debug|Any CPU.Build.0 = Debug|Any CPU
		{88B32AE8-7129-44B2-910B-C1ED5C79CBA5}.Release|Any CPU.ActiveCfg = Release|Any CPU
		{88B32AE8-7129-44B2-910B-C1ED5C79CBA5}.Release|Any CPU.Build.0 = Release|Any CPU
		{13E495EF-B62D-494E-AEC7-E06E7826DCE6}.Debug|Any CPU.ActiveCfg = Debug|Any CPU
		{13E495EF-B62D-494E-AEC7-E06E7826DCE6}.Debug|Any CPU.Build.0 = Debug|Any CPU
		{13E495EF-B62D-494E-AEC7-E06E7826DCE6}.Release|Any CPU.ActiveCfg = Release|Any CPU
		{13E495EF-B62D-494E-AEC7-E06E7826DCE6}.Release|Any CPU.Build.0 = Release|Any CPU
		{EF1D2FBE-1425-40E7-94EC-5ABFB69A7CAE}.Debug|Any CPU.ActiveCfg = Debug|Any CPU
		{EF1D2FBE-1425-40E7-94EC-5ABFB69A7CAE}.Debug|Any CPU.Build.0 = Debug|Any CPU
		{EF1D2FBE-1425-40E7-94EC-5ABFB69A7CAE}.Release|Any CPU.ActiveCfg = Release|Any CPU
		{EF1D2FBE-1425-40E7-94EC-5ABFB69A7CAE}.Release|Any CPU.Build.0 = Release|Any CPU
		{D13CF683-8855-4204-AB4B-E31C1F893A72}.Debug|Any CPU.ActiveCfg = Debug|Any CPU
		{D13CF683-8855-4204-AB4B-E31C1F893A72}.Debug|Any CPU.Build.0 = Debug|Any CPU
		{D13CF683-8855-4204-AB4B-E31C1F893A72}.Release|Any CPU.ActiveCfg = Release|Any CPU
		{D13CF683-8855-4204-AB4B-E31C1F893A72}.Release|Any CPU.Build.0 = Release|Any CPU
		{BFA6AF0E-4E33-41B4-BF66-CEF7D4FAB7B7}.Debug|Any CPU.ActiveCfg = Debug|Any CPU
		{BFA6AF0E-4E33-41B4-BF66-CEF7D4FAB7B7}.Debug|Any CPU.Build.0 = Debug|Any CPU
		{BFA6AF0E-4E33-41B4-BF66-CEF7D4FAB7B7}.Release|Any CPU.ActiveCfg = Release|Any CPU
		{BFA6AF0E-4E33-41B4-BF66-CEF7D4FAB7B7}.Release|Any CPU.Build.0 = Release|Any CPU
		{FB8B2892-0E74-458D-926D-EEA4D36AEEF9}.Debug|Any CPU.ActiveCfg = Debug|Any CPU
		{FB8B2892-0E74-458D-926D-EEA4D36AEEF9}.Debug|Any CPU.Build.0 = Debug|Any CPU
		{FB8B2892-0E74-458D-926D-EEA4D36AEEF9}.Release|Any CPU.ActiveCfg = Release|Any CPU
		{FB8B2892-0E74-458D-926D-EEA4D36AEEF9}.Release|Any CPU.Build.0 = Release|Any CPU
		{33935CED-E6FF-4905-8C67-8B34A956A0B3}.Debug|Any CPU.ActiveCfg = Debug|Any CPU
		{33935CED-E6FF-4905-8C67-8B34A956A0B3}.Debug|Any CPU.Build.0 = Debug|Any CPU
		{33935CED-E6FF-4905-8C67-8B34A956A0B3}.Release|Any CPU.ActiveCfg = Release|Any CPU
		{33935CED-E6FF-4905-8C67-8B34A956A0B3}.Release|Any CPU.Build.0 = Release|Any CPU
		{A2979DBA-AD81-46A4-B290-2CC71F4A6033}.Debug|Any CPU.ActiveCfg = Debug|Any CPU
		{A2979DBA-AD81-46A4-B290-2CC71F4A6033}.Debug|Any CPU.Build.0 = Debug|Any CPU
		{A2979DBA-AD81-46A4-B290-2CC71F4A6033}.Release|Any CPU.ActiveCfg = Release|Any CPU
		{A2979DBA-AD81-46A4-B290-2CC71F4A6033}.Release|Any CPU.Build.0 = Release|Any CPU
		{4D3D90BA-C143-4946-BF9D-3E5788E7C55A}.Debug|Any CPU.ActiveCfg = Debug|Any CPU
		{4D3D90BA-C143-4946-BF9D-3E5788E7C55A}.Debug|Any CPU.Build.0 = Debug|Any CPU
		{4D3D90BA-C143-4946-BF9D-3E5788E7C55A}.Release|Any CPU.ActiveCfg = Release|Any CPU
		{4D3D90BA-C143-4946-BF9D-3E5788E7C55A}.Release|Any CPU.Build.0 = Release|Any CPU
	EndGlobalSection
	GlobalSection(SolutionProperties) = preSolution
		HideSolutionNode = FALSE
	EndGlobalSection
EndGlobal
